
Microsoft Visual Studio Solution File, Format Version 12.00
# Visual Studio 2012
Project("{FAE04EC0-301F-11D3-BF4B-00C04F79EFBC}") = "RoslynCompilerAddIn", "RoslynCompilerAddIn\RoslynCompilerAddIn.csproj", "{2A325629-930F-4DB8-835A-4690DA8E2B1A}"
EndProject
Global
	GlobalSection(SolutionConfigurationPlatforms) = preSolution
		Debug|Any CPU = Debug|Any CPU
		Release|Any CPU = Release|Any CPU
	EndGlobalSection
	GlobalSection(ProjectConfigurationPlatforms) = postSolution
		{2A325629-930F-4DB8-835A-4690DA8E2B1A}.Debug|Any CPU.ActiveCfg = Debug|Any CPU
		{2A325629-930F-4DB8-835A-4690DA8E2B1A}.Debug|Any CPU.Build.0 = Debug|Any CPU
		{2A325629-930F-4DB8-835A-4690DA8E2B1A}.Release|Any CPU.ActiveCfg = Release|Any CPU
		{2A325629-930F-4DB8-835A-4690DA8E2B1A}.Release|Any CPU.Build.0 = Release|Any CPU
	EndGlobalSection
EndGlobal
